
Microsoft Visual Studio Solution File, Format Version 12.00
# Visual Studio Version 16
VisualStudioVersion = 16.0.31105.61
MinimumVisualStudioVersion = 10.0.40219.1
Project("{FAE04EC0-301F-11D3-BF4B-00C04F79EFBC}") = "C Sharp Programming Project", "C Sharp Programming Project\C Sharp Programming Project.csproj", "{1197144C-5D47-4645-BF01-FB380A4E28D1}"
EndProject
Project("{FAE04EC0-301F-11D3-BF4B-00C04F79EFBC}") = "C Sharp Programming Project Test", "C Sharp Programming Project Test\C Sharp Programming Project Test.csproj", "{35D2AB98-B2CE-49F0-8DF1-3B5967F015EE}"
	ProjectSection(ProjectDependencies) = postProject
		{1197144C-5D47-4645-BF01-FB380A4E28D1} = {1197144C-5D47-4645-BF01-FB380A4E28D1}
	EndProjectSection
EndProject
Global
	GlobalSection(SolutionConfigurationPlatforms) = preSolution
		Debug|Any CPU = Debug|Any CPU
		Release|Any CPU = Release|Any CPU
	EndGlobalSection
	GlobalSection(ProjectConfigurationPlatforms) = postSolution
		{1197144C-5D47-4645-BF01-FB380A4E28D1}.Debug|Any CPU.ActiveCfg = Debug|Any CPU
		{1197144C-5D47-4645-BF01-FB380A4E28D1}.Debug|Any CPU.Build.0 = Debug|Any CPU
		{1197144C-5D47-4645-BF01-FB380A4E28D1}.Release|Any CPU.ActiveCfg = Release|Any CPU
		{1197144C-5D47-4645-BF01-FB380A4E28D1}.Release|Any CPU.Build.0 = Release|Any CPU
		{35D2AB98-B2CE-49F0-8DF1-3B5967F015EE}.Debug|Any CPU.ActiveCfg = Debug|Any CPU
		{35D2AB98-B2CE-49F0-8DF1-3B5967F015EE}.Debug|Any CPU.Build.0 = Debug|Any CPU
		{35D2AB98-B2CE-49F0-8DF1-3B5967F015EE}.Release|Any CPU.ActiveCfg = Release|Any CPU
		{35D2AB98-B2CE-49F0-8DF1-3B5967F015EE}.Release|Any CPU.Build.0 = Release|Any CPU
	EndGlobalSection
	GlobalSection(SolutionProperties) = preSolution
		HideSolutionNode = FALSE
	EndGlobalSection
	GlobalSection(ExtensibilityGlobals) = postSolution
		SolutionGuid = {8BEDC05C-CD5B-44A7-AD66-220E3968F998}
	EndGlobalSection
EndGlobal
